
Microsoft Visual Studio Solution File, Format Version 12.00
# Visual Studio Version 17
VisualStudioVersion = 17.12.35514.174
MinimumVisualStudioVersion = 10.0.40219.1
Project("{FAE04EC0-301F-11D3-BF4B-00C04F79EFBC}") = "SampleMT.Service", "SampleMT.Service\SampleMT.Service.csproj", "{2F1FA5F6-D8DD-4AB9-99D2-C3D4459489E5}"
EndProject
Project("{E53339B2-1760-4266-BCC7-CA923CBCF16C}") = "docker-compose", "docker-compose.dcproj", "{1F7A8EA8-1B87-4D06-9ADE-04B8C68BBF7F}"
EndProject
Project("{FAE04EC0-301F-11D3-BF4B-00C04F79EFBC}") = "SampleMT.MTransit", "SampleMT.MTransit\SampleMT.MTransit.csproj", "{6666AD9D-0DD4-4323-B147-72A2AE5632C5}"
EndProject
Project("{FAE04EC0-301F-11D3-BF4B-00C04F79EFBC}") = "SampleMT.Common", "SampleMT.Common\SampleMT.Common.csproj", "{686CA8F3-3582-4F00-BF1F-D088CC70C437}"
EndProject
Global
	GlobalSection(SolutionConfigurationPlatforms) = preSolution
		Debug|Any CPU = Debug|Any CPU
		Release|Any CPU = Release|Any CPU
	EndGlobalSection
	GlobalSection(ProjectConfigurationPlatforms) = postSolution
		{2F1FA5F6-D8DD-4AB9-99D2-C3D4459489E5}.Debug|Any CPU.ActiveCfg = Debug|Any CPU
		{2F1FA5F6-D8DD-4AB9-99D2-C3D4459489E5}.Debug|Any CPU.Build.0 = Debug|Any CPU
		{2F1FA5F6-D8DD-4AB9-99D2-C3D4459489E5}.Release|Any CPU.ActiveCfg = Release|Any CPU
		{2F1FA5F6-D8DD-4AB9-99D2-C3D4459489E5}.Release|Any CPU.Build.0 = Release|Any CPU
		{1F7A8EA8-1B87-4D06-9ADE-04B8C68BBF7F}.Debug|Any CPU.ActiveCfg = Debug|Any CPU
		{1F7A8EA8-1B87-4D06-9ADE-04B8C68BBF7F}.Debug|Any CPU.Build.0 = Debug|Any CPU
		{1F7A8EA8-1B87-4D06-9ADE-04B8C68BBF7F}.Release|Any CPU.ActiveCfg = Release|Any CPU
		{1F7A8EA8-1B87-4D06-9ADE-04B8C68BBF7F}.Release|Any CPU.Build.0 = Release|Any CPU
		{6666AD9D-0DD4-4323-B147-72A2AE5632C5}.Debug|Any CPU.ActiveCfg = Debug|Any CPU
		{6666AD9D-0DD4-4323-B147-72A2AE5632C5}.Debug|Any CPU.Build.0 = Debug|Any CPU
		{6666AD9D-0DD4-4323-B147-72A2AE5632C5}.Release|Any CPU.ActiveCfg = Release|Any CPU
		{6666AD9D-0DD4-4323-B147-72A2AE5632C5}.Release|Any CPU.Build.0 = Release|Any CPU
		{686CA8F3-3582-4F00-BF1F-D088CC70C437}.Debug|Any CPU.ActiveCfg = Debug|Any CPU
		{686CA8F3-3582-4F00-BF1F-D088CC70C437}.Debug|Any CPU.Build.0 = Debug|Any CPU
		{686CA8F3-3582-4F00-BF1F-D088CC70C437}.Release|Any CPU.ActiveCfg = Release|Any CPU
		{686CA8F3-3582-4F00-BF1F-D088CC70C437}.Release|Any CPU.Build.0 = Release|Any CPU
	EndGlobalSection
	GlobalSection(SolutionProperties) = preSolution
		HideSolutionNode = FALSE
	EndGlobalSection
EndGlobal
